// !$*UTF8*$!
{
	archiveVersion = 1;
	classes = {
	};
	objectVersion = 77;
	objects = {

/* Begin PBXBuildFile section */
		44E358EA2D914E6F007277F4 /* LoadingView.swift in Sources */ = {isa = PBXBuildFile; fileRef = 44E358E62D914E6F007277F4 /* LoadingView.swift */; };
		44E358EB2D914E6F007277F4 /* CommonFunc.swift in Sources */ = {isa = PBXBuildFile; fileRef = 44E358E82D914E6F007277F4 /* CommonFunc.swift */; };
		44E358F52D914EBA007277F4 /* UITableView.swift in Sources */ = {isa = PBXBuildFile; fileRef = 44E358F22D914EBA007277F4 /* UITableView.swift */; };
		44E358F62D914EBA007277F4 /* View+AutoLayout.swift in Sources */ = {isa = PBXBuildFile; fileRef = 44E358F32D914EBA007277F4 /* View+AutoLayout.swift */; };
		44E358F72D914EBA007277F4 /* SafeArray.swift in Sources */ = {isa = PBXBuildFile; fileRef = 44E358F02D914EBA007277F4 /* SafeArray.swift */; };
		44E358F82D914EBA007277F4 /* AlertController.swift in Sources */ = {isa = PBXBuildFile; fileRef = 44E358ED2D914EBA007277F4 /* AlertController.swift */; };
		44E358F92D914EBA007277F4 /* Color.swift in Sources */ = {isa = PBXBuildFile; fileRef = 44E358EE2D914EBA007277F4 /* Color.swift */; };
		44E358FA2D914EBA007277F4 /* UIViewController.swift in Sources */ = {isa = PBXBuildFile; fileRef = 44E358F12D914EBA007277F4 /* UIViewController.swift */; };
		44E358FB2D914EBA007277F4 /* Application.swift in Sources */ = {isa = PBXBuildFile; fileRef = 44E358EC2D914EBA007277F4 /* Application.swift */; };
		44E358FC2D914EBA007277F4 /* LoadingViewable.swift in Sources */ = {isa = PBXBuildFile; fileRef = 44E358EF2D914EBA007277F4 /* LoadingViewable.swift */; };
		44E78FD62D8A5133001F396E /* ComposableArchitecture in Frameworks */ = {isa = PBXBuildFile; productRef = 44E78FD52D8A5133001F396E /* ComposableArchitecture */; };
		44E78FD92D8A5267001F396E /* CombineMoya in Frameworks */ = {isa = PBXBuildFile; productRef = 44E78FD82D8A5267001F396E /* CombineMoya */; };
		44E78FDB2D8A5267001F396E /* Moya in Frameworks */ = {isa = PBXBuildFile; productRef = 44E78FDA2D8A5267001F396E /* Moya */; };
		44E78FDE2D8A5310001F396E /* Kingfisher in Frameworks */ = {isa = PBXBuildFile; productRef = 44E78FDD2D8A5310001F396E /* Kingfisher */; };
		44E78FE12D8A57E0001F396E /* Alamofire in Frameworks */ = {isa = PBXBuildFile; productRef = 44E78FE02D8A57E0001F396E /* Alamofire */; };
		44E78FE42D8A5A4D001F396E /* Swinject in Frameworks */ = {isa = PBXBuildFile; productRef = 44E78FE32D8A5A4D001F396E /* Swinject */; };
/* End PBXBuildFile section */

/* Begin PBXContainerItemProxy section */
		44E78FB82D8A500B001F396E /* PBXContainerItemProxy */ = {
			isa = PBXContainerItemProxy;
			containerPortal = 44E78F9A2D8A5008001F396E /* Project object */;
			proxyType = 1;
			remoteGlobalIDString = 44E78FA12D8A5008001F396E;
			remoteInfo = "SwiftUI+TCA+Combine";
		};
		44E78FC22D8A500B001F396E /* PBXContainerItemProxy */ = {
			isa = PBXContainerItemProxy;
			containerPortal = 44E78F9A2D8A5008001F396E /* Project object */;
			proxyType = 1;
			remoteGlobalIDString = 44E78FA12D8A5008001F396E;
			remoteInfo = "SwiftUI+TCA+Combine";
		};
/* End PBXContainerItemProxy section */

/* Begin PBXFileReference section */
		44E358E62D914E6F007277F4 /* LoadingView.swift */ = {isa = PBXFileReference; lastKnownFileType = sourcecode.swift; path = LoadingView.swift; sourceTree = "<group>"; };
		44E358E82D914E6F007277F4 /* CommonFunc.swift */ = {isa = PBXFileReference; lastKnownFileType = sourcecode.swift; path = CommonFunc.swift; sourceTree = "<group>"; };
		44E358EC2D914EBA007277F4 /* Application.swift */ = {isa = PBXFileReference; lastKnownFileType = sourcecode.swift; path = Application.swift; sourceTree = "<group>"; };
		44E358ED2D914EBA007277F4 /* AlertController.swift */ = {isa = PBXFileReference; lastKnownFileType = sourcecode.swift; path = AlertController.swift; sourceTree = "<group>"; };
		44E358EE2D914EBA007277F4 /* Color.swift */ = {isa = PBXFileReference; lastKnownFileType = sourcecode.swift; path = Color.swift; sourceTree = "<group>"; };
		44E358EF2D914EBA007277F4 /* LoadingViewable.swift */ = {isa = PBXFileReference; lastKnownFileType = sourcecode.swift; path = LoadingViewable.swift; sourceTree = "<group>"; };
		44E358F02D914EBA007277F4 /* SafeArray.swift */ = {isa = PBXFileReference; lastKnownFileType = sourcecode.swift; path = SafeArray.swift; sourceTree = "<group>"; };
		44E358F12D914EBA007277F4 /* UIViewController.swift */ = {isa = PBXFileReference; lastKnownFileType = sourcecode.swift; path = UIViewController.swift; sourceTree = "<group>"; };
		44E358F22D914EBA007277F4 /* UITableView.swift */ = {isa = PBXFileReference; lastKnownFileType = sourcecode.swift; path = UITableView.swift; sourceTree = "<group>"; };
		44E358F32D914EBA007277F4 /* View+AutoLayout.swift */ = {isa = PBXFileReference; lastKnownFileType = sourcecode.swift; path = "View+AutoLayout.swift"; sourceTree = "<group>"; };
		44E78FA22D8A5008001F396E /* SwiftUI+TCA+Combine.app */ = {isa = PBXFileReference; explicitFileType = wrapper.application; includeInIndex = 0; path = "SwiftUI+TCA+Combine.app"; sourceTree = BUILT_PRODUCTS_DIR; };
		44E78FB72D8A500B001F396E /* SwiftUI+TCA+CombineTests.xctest */ = {isa = PBXFileReference; explicitFileType = wrapper.cfbundle; includeInIndex = 0; path = "SwiftUI+TCA+CombineTests.xctest"; sourceTree = BUILT_PRODUCTS_DIR; };
		44E78FC12D8A500B001F396E /* SwiftUI+TCA+CombineUITests.xctest */ = {isa = PBXFileReference; explicitFileType = wrapper.cfbundle; includeInIndex = 0; path = "SwiftUI+TCA+CombineUITests.xctest"; sourceTree = BUILT_PRODUCTS_DIR; };
/* End PBXFileReference section */

/* Begin PBXFileSystemSynchronizedRootGroup section */
		44B28FDF2D9BAB0B00FAEE45 /* Model */ = {
			isa = PBXFileSystemSynchronizedRootGroup;
			path = Model;
			sourceTree = "<group>";
		};
		44E358E02D913D78007277F4 /* Profile */ = {
			isa = PBXFileSystemSynchronizedRootGroup;
			path = Profile;
			sourceTree = "<group>";
		};
		44E358E22D913D8B007277F4 /* App */ = {
			isa = PBXFileSystemSynchronizedRootGroup;
			path = App;
			sourceTree = "<group>";
		};
		44E358E32D913DA1007277F4 /* Main */ = {
			isa = PBXFileSystemSynchronizedRootGroup;
			path = Main;
			sourceTree = "<group>";
		};
		44E78FA42D8A5008001F396E /* SwiftUI+TCA+Combine */ = {
			isa = PBXFileSystemSynchronizedRootGroup;
			path = "SwiftUI+TCA+Combine";
			sourceTree = "<group>";
		};
		44E78FBA2D8A500B001F396E /* SwiftUI+TCA+CombineTests */ = {
			isa = PBXFileSystemSynchronizedRootGroup;
			path = "SwiftUI+TCA+CombineTests";
			sourceTree = "<group>";
		};
		44E78FC42D8A500B001F396E /* SwiftUI+TCA+CombineUITests */ = {
			isa = PBXFileSystemSynchronizedRootGroup;
			path = "SwiftUI+TCA+CombineUITests";
			sourceTree = "<group>";
		};
/* End PBXFileSystemSynchronizedRootGroup section */

/* Begin PBXFrameworksBuildPhase section */
		44E78F9F2D8A5008001F396E /* Frameworks */ = {
			isa = PBXFrameworksBuildPhase;
			buildActionMask = 2147483647;
			files = (
				44E78FE12D8A57E0001F396E /* Alamofire in Frameworks */,
				44E78FDE2D8A5310001F396E /* Kingfisher in Frameworks */,
				44E78FD92D8A5267001F396E /* CombineMoya in Frameworks */,
				44E78FD62D8A5133001F396E /* ComposableArchitecture in Frameworks */,
				44E78FDB2D8A5267001F396E /* Moya in Frameworks */,
				44E78FE42D8A5A4D001F396E /* Swinject in Frameworks */,
			);
			runOnlyForDeploymentPostprocessing = 0;
		};
		44E78FB42D8A500B001F396E /* Frameworks */ = {
			isa = PBXFrameworksBuildPhase;
			buildActionMask = 2147483647;
			files = (
			);
			runOnlyForDeploymentPostprocessing = 0;
		};
		44E78FBE2D8A500B001F396E /* Frameworks */ = {
			isa = PBXFrameworksBuildPhase;
			buildActionMask = 2147483647;
			files = (
			);
			runOnlyForDeploymentPostprocessing = 0;
		};
/* End PBXFrameworksBuildPhase section */

/* Begin PBXGroup section */
		44E358E72D914E6F007277F4 /* LodingView */ = {
			isa = PBXGroup;
			children = (
				44E358E62D914E6F007277F4 /* LoadingView.swift */,
			);
			path = LodingView;
			sourceTree = "<group>";
		};
		44E358E92D914E6F007277F4 /* Common */ = {
			isa = PBXGroup;
			children = (
				44E358E72D914E6F007277F4 /* LodingView */,
				44E358E82D914E6F007277F4 /* CommonFunc.swift */,
			);
			path = Common;
			sourceTree = "<group>";
		};
		44E358F42D914EBA007277F4 /* Extensions */ = {
			isa = PBXGroup;
			children = (
				44E358EC2D914EBA007277F4 /* Application.swift */,
				44E358ED2D914EBA007277F4 /* AlertController.swift */,
				44E358EE2D914EBA007277F4 /* Color.swift */,
				44E358EF2D914EBA007277F4 /* LoadingViewable.swift */,
				44E358F02D914EBA007277F4 /* SafeArray.swift */,
				44E358F12D914EBA007277F4 /* UIViewController.swift */,
				44E358F22D914EBA007277F4 /* UITableView.swift */,
				44E358F32D914EBA007277F4 /* View+AutoLayout.swift */,
			);
			path = Extensions;
			sourceTree = "<group>";
		};
		44E78F992D8A5008001F396E = {
			isa = PBXGroup;
			children = (
				44E358E22D913D8B007277F4 /* App */,
				44E358F42D914EBA007277F4 /* Extensions */,
				44E358E92D914E6F007277F4 /* Common */,
				44E358E32D913DA1007277F4 /* Main */,
				44E358E02D913D78007277F4 /* Profile */,
				44B28FDF2D9BAB0B00FAEE45 /* Model */,
				44E78FA42D8A5008001F396E /* SwiftUI+TCA+Combine */,
				44E78FBA2D8A500B001F396E /* SwiftUI+TCA+CombineTests */,
				44E78FC42D8A500B001F396E /* SwiftUI+TCA+CombineUITests */,
				44E78FA32D8A5008001F396E /* Products */,
			);
			sourceTree = "<group>";
		};
		44E78FA32D8A5008001F396E /* Products */ = {
			isa = PBXGroup;
			children = (
				44E78FA22D8A5008001F396E /* SwiftUI+TCA+Combine.app */,
				44E78FB72D8A500B001F396E /* SwiftUI+TCA+CombineTests.xctest */,
				44E78FC12D8A500B001F396E /* SwiftUI+TCA+CombineUITests.xctest */,
			);
			name = Products;
			sourceTree = "<group>";
		};
/* End PBXGroup section */

/* Begin PBXNativeTarget section */
		44E78FA12D8A5008001F396E /* SwiftUI+TCA+Combine */ = {
			isa = PBXNativeTarget;
			buildConfigurationList = 44E78FCB2D8A500B001F396E /* Build configuration list for PBXNativeTarget "SwiftUI+TCA+Combine" */;
			buildPhases = (
				44E78F9E2D8A5008001F396E /* Sources */,
				44E78F9F2D8A5008001F396E /* Frameworks */,
				44E78FA02D8A5008001F396E /* Resources */,
			);
			buildRules = (
			);
			dependencies = (
			);
			fileSystemSynchronizedGroups = (
				44B28FDF2D9BAB0B00FAEE45 /* Model */,
				44E358E02D913D78007277F4 /* Profile */,
				44E358E22D913D8B007277F4 /* App */,
				44E358E32D913DA1007277F4 /* Main */,
				44E78FA42D8A5008001F396E /* SwiftUI+TCA+Combine */,
			);
			name = "SwiftUI+TCA+Combine";
			packageProductDependencies = (
				44E78FD52D8A5133001F396E /* ComposableArchitecture */,
				44E78FD82D8A5267001F396E /* CombineMoya */,
				44E78FDA2D8A5267001F396E /* Moya */,
				44E78FDD2D8A5310001F396E /* Kingfisher */,
				44E78FE02D8A57E0001F396E /* Alamofire */,
				44E78FE32D8A5A4D001F396E /* Swinject */,
			);
			productName = "SwiftUI+TCA+Combine";
			productReference = 44E78FA22D8A5008001F396E /* SwiftUI+TCA+Combine.app */;
			productType = "com.apple.product-type.application";
		};
		44E78FB62D8A500B001F396E /* SwiftUI+TCA+CombineTests */ = {
			isa = PBXNativeTarget;
			buildConfigurationList = 44E78FCE2D8A500B001F396E /* Build configuration list for PBXNativeTarget "SwiftUI+TCA+CombineTests" */;
			buildPhases = (
				44E78FB32D8A500B001F396E /* Sources */,
				44E78FB42D8A500B001F396E /* Frameworks */,
				44E78FB52D8A500B001F396E /* Resources */,
			);
			buildRules = (
			);
			dependencies = (
				44E78FB92D8A500B001F396E /* PBXTargetDependency */,
			);
			fileSystemSynchronizedGroups = (
				44E78FBA2D8A500B001F396E /* SwiftUI+TCA+CombineTests */,
			);
			name = "SwiftUI+TCA+CombineTests";
			packageProductDependencies = (
			);
			productName = "SwiftUI+TCA+CombineTests";
			productReference = 44E78FB72D8A500B001F396E /* SwiftUI+TCA+CombineTests.xctest */;
			productType = "com.apple.product-type.bundle.unit-test";
		};
		44E78FC02D8A500B001F396E /* SwiftUI+TCA+CombineUITests */ = {
			isa = PBXNativeTarget;
			buildConfigurationList = 44E78FD12D8A500B001F396E /* Build configuration list for PBXNativeTarget "SwiftUI+TCA+CombineUITests" */;
			buildPhases = (
				44E78FBD2D8A500B001F396E /* Sources */,
				44E78FBE2D8A500B001F396E /* Frameworks */,
				44E78FBF2D8A500B001F396E /* Resources */,
			);
			buildRules = (
			);
			dependencies = (
				44E78FC32D8A500B001F396E /* PBXTargetDependency */,
			);
			fileSystemSynchronizedGroups = (
				44E78FC42D8A500B001F396E /* SwiftUI+TCA+CombineUITests */,
			);
			name = "SwiftUI+TCA+CombineUITests";
			packageProductDependencies = (
			);
			productName = "SwiftUI+TCA+CombineUITests";
			productReference = 44E78FC12D8A500B001F396E /* SwiftUI+TCA+CombineUITests.xctest */;
			productType = "com.apple.product-type.bundle.ui-testing";
		};
/* End PBXNativeTarget section */

/* Begin PBXProject section */
		44E78F9A2D8A5008001F396E /* Project object */ = {
			isa = PBXProject;
			attributes = {
				BuildIndependentTargetsInParallel = 1;
				LastSwiftUpdateCheck = 1620;
				LastUpgradeCheck = 1620;
				TargetAttributes = {
					44E78FA12D8A5008001F396E = {
						CreatedOnToolsVersion = 16.2;
					};
					44E78FB62D8A500B001F396E = {
						CreatedOnToolsVersion = 16.2;
						TestTargetID = 44E78FA12D8A5008001F396E;
					};
					44E78FC02D8A500B001F396E = {
						CreatedOnToolsVersion = 16.2;
						TestTargetID = 44E78FA12D8A5008001F396E;
					};
				};
			};
			buildConfigurationList = 44E78F9D2D8A5008001F396E /* Build configuration list for PBXProject "SwiftUI+TCA+Combine" */;
			developmentRegion = en;
			hasScannedForEncodings = 0;
			knownRegions = (
				en,
				Base,
			);
			mainGroup = 44E78F992D8A5008001F396E;
			minimizedProjectReferenceProxies = 1;
			packageReferences = (
				44E78FD42D8A5133001F396E /* XCRemoteSwiftPackageReference "swift-composable-architecture" */,
				44E78FD72D8A5267001F396E /* XCRemoteSwiftPackageReference "Moya" */,
				44E78FDC2D8A5310001F396E /* XCRemoteSwiftPackageReference "Kingfisher" */,
				44E78FDF2D8A57E0001F396E /* XCRemoteSwiftPackageReference "Alamofire" */,
				44E78FE22D8A5A4D001F396E /* XCRemoteSwiftPackageReference "Swinject" */,
			);
			preferredProjectObjectVersion = 77;
			productRefGroup = 44E78FA32D8A5008001F396E /* Products */;
			projectDirPath = "";
			projectRoot = "";
			targets = (
				44E78FA12D8A5008001F396E /* SwiftUI+TCA+Combine */,
				44E78FB62D8A500B001F396E /* SwiftUI+TCA+CombineTests */,
				44E78FC02D8A500B001F396E /* SwiftUI+TCA+CombineUITests */,
			);
		};
/* End PBXProject section */

/* Begin PBXResourcesBuildPhase section */
		44E78FA02D8A5008001F396E /* Resources */ = {
			isa = PBXResourcesBuildPhase;
			buildActionMask = 2147483647;
			files = (
			);
			runOnlyForDeploymentPostprocessing = 0;
		};
		44E78FB52D8A500B001F396E /* Resources */ = {
			isa = PBXResourcesBuildPhase;
			buildActionMask = 2147483647;
			files = (
			);
			runOnlyForDeploymentPostprocessing = 0;
		};
		44E78FBF2D8A500B001F396E /* Resources */ = {
			isa = PBXResourcesBuildPhase;
			buildActionMask = 2147483647;
			files = (
			);
			runOnlyForDeploymentPostprocessing = 0;
		};
/* End PBXResourcesBuildPhase section */

/* Begin PBXSourcesBuildPhase section */
		44E78F9E2D8A5008001F396E /* Sources */ = {
			isa = PBXSourcesBuildPhase;
			buildActionMask = 2147483647;
			files = (
				44E358EA2D914E6F007277F4 /* LoadingView.swift in Sources */,
				44E358F52D914EBA007277F4 /* UITableView.swift in Sources */,
				44E358F62D914EBA007277F4 /* View+AutoLayout.swift in Sources */,
				44E358F72D914EBA007277F4 /* SafeArray.swift in Sources */,
				44E358F82D914EBA007277F4 /* AlertController.swift in Sources */,
				44E358F92D914EBA007277F4 /* Color.swift in Sources */,
				44E358FA2D914EBA007277F4 /* UIViewController.swift in Sources */,
				44E358FB2D914EBA007277F4 /* Application.swift in Sources */,
				44E358FC2D914EBA007277F4 /* LoadingViewable.swift in Sources */,
				44E358EB2D914E6F007277F4 /* CommonFunc.swift in Sources */,
			);
			runOnlyForDeploymentPostprocessing = 0;
		};
		44E78FB32D8A500B001F396E /* Sources */ = {
			isa = PBXSourcesBuildPhase;
			buildActionMask = 2147483647;
			files = (
			);
			runOnlyForDeploymentPostprocessing = 0;
		};
		44E78FBD2D8A500B001F396E /* Sources */ = {
			isa = PBXSourcesBuildPhase;
			buildActionMask = 2147483647;
			files = (
			);
			runOnlyForDeploymentPostprocessing = 0;
		};
/* End PBXSourcesBuildPhase section */

/* Begin PBXTargetDependency section */
		44E78FB92D8A500B001F396E /* PBXTargetDependency */ = {
			isa = PBXTargetDependency;
			target = 44E78FA12D8A5008001F396E /* SwiftUI+TCA+Combine */;
			targetProxy = 44E78FB82D8A500B001F396E /* PBXContainerItemProxy */;
		};
		44E78FC32D8A500B001F396E /* PBXTargetDependency */ = {
			isa = PBXTargetDependency;
			target = 44E78FA12D8A5008001F396E /* SwiftUI+TCA+Combine */;
			targetProxy = 44E78FC22D8A500B001F396E /* PBXContainerItemProxy */;
		};
/* End PBXTargetDependency section */

/* Begin XCBuildConfiguration section */
		44E78FC92D8A500B001F396E /* Debug */ = {
			isa = XCBuildConfiguration;
			buildSettings = {
				ALWAYS_SEARCH_USER_PATHS = NO;
				ASSETCATALOG_COMPILER_GENERATE_SWIFT_ASSET_SYMBOL_EXTENSIONS = YES;
				CLANG_ANALYZER_NONNULL = YES;
				CLANG_ANALYZER_NUMBER_OBJECT_CONVERSION = YES_AGGRESSIVE;
				CLANG_CXX_LANGUAGE_STANDARD = "gnu++20";
				CLANG_ENABLE_MODULES = YES;
				CLANG_ENABLE_OBJC_ARC = YES;
				CLANG_ENABLE_OBJC_WEAK = YES;
				CLANG_WARN_BLOCK_CAPTURE_AUTORELEASING = YES;
				CLANG_WARN_BOOL_CONVERSION = YES;
				CLANG_WARN_COMMA = YES;
				CLANG_WARN_CONSTANT_CONVERSION = YES;
				CLANG_WARN_DEPRECATED_OBJC_IMPLEMENTATIONS = YES;
				CLANG_WARN_DIRECT_OBJC_ISA_USAGE = YES_ERROR;
				CLANG_WARN_DOCUMENTATION_COMMENTS = YES;
				CLANG_WARN_EMPTY_BODY = YES;
				CLANG_WARN_ENUM_CONVERSION = YES;
				CLANG_WARN_INFINITE_RECURSION = YES;
				CLANG_WARN_INT_CONVERSION = YES;
				CLANG_WARN_NON_LITERAL_NULL_CONVERSION = YES;
				CLANG_WARN_OBJC_IMPLICIT_RETAIN_SELF = YES;
				CLANG_WARN_OBJC_LITERAL_CONVERSION = YES;
				CLANG_WARN_OBJC_ROOT_CLASS = YES_ERROR;
				CLANG_WARN_QUOTED_INCLUDE_IN_FRAMEWORK_HEADER = YES;
				CLANG_WARN_RANGE_LOOP_ANALYSIS = YES;
				CLANG_WARN_STRICT_PROTOTYPES = YES;
				CLANG_WARN_SUSPICIOUS_MOVE = YES;
				CLANG_WARN_UNGUARDED_AVAILABILITY = YES_AGGRESSIVE;
				CLANG_WARN_UNREACHABLE_CODE = YES;
				CLANG_WARN__DUPLICATE_METHOD_MATCH = YES;
				COPY_PHASE_STRIP = NO;
				DEBUG_INFORMATION_FORMAT = dwarf;
				ENABLE_STRICT_OBJC_MSGSEND = YES;
				ENABLE_TESTABILITY = YES;
				ENABLE_USER_SCRIPT_SANDBOXING = YES;
				GCC_C_LANGUAGE_STANDARD = gnu17;
				GCC_DYNAMIC_NO_PIC = NO;
				GCC_NO_COMMON_BLOCKS = YES;
				GCC_OPTIMIZATION_LEVEL = 0;
				GCC_PREPROCESSOR_DEFINITIONS = (
					"DEBUG=1",
					"$(inherited)",
				);
				GCC_WARN_64_TO_32_BIT_CONVERSION = YES;
				GCC_WARN_ABOUT_RETURN_TYPE = YES_ERROR;
				GCC_WARN_UNDECLARED_SELECTOR = YES;
				GCC_WARN_UNINITIALIZED_AUTOS = YES_AGGRESSIVE;
				GCC_WARN_UNUSED_FUNCTION = YES;
				GCC_WARN_UNUSED_VARIABLE = YES;
				IPHONEOS_DEPLOYMENT_TARGET = 18.2;
				LOCALIZATION_PREFERS_STRING_CATALOGS = YES;
				MTL_ENABLE_DEBUG_INFO = INCLUDE_SOURCE;
				MTL_FAST_MATH = YES;
				ONLY_ACTIVE_ARCH = YES;
				SDKROOT = iphoneos;
				SWIFT_ACTIVE_COMPILATION_CONDITIONS = "DEBUG $(inherited)";
				SWIFT_OPTIMIZATION_LEVEL = "-Onone";
			};
			name = Debug;
		};
		44E78FCA2D8A500B001F396E /* Release */ = {
			isa = XCBuildConfiguration;
			buildSettings = {
				ALWAYS_SEARCH_USER_PATHS = NO;
				ASSETCATALOG_COMPILER_GENERATE_SWIFT_ASSET_SYMBOL_EXTENSIONS = YES;
				CLANG_ANALYZER_NONNULL = YES;
				CLANG_ANALYZER_NUMBER_OBJECT_CONVERSION = YES_AGGRESSIVE;
				CLANG_CXX_LANGUAGE_STANDARD = "gnu++20";
				CLANG_ENABLE_MODULES = YES;
				CLANG_ENABLE_OBJC_ARC = YES;
				CLANG_ENABLE_OBJC_WEAK = YES;
				CLANG_WARN_BLOCK_CAPTURE_AUTORELEASING = YES;
				CLANG_WARN_BOOL_CONVERSION = YES;
				CLANG_WARN_COMMA = YES;
				CLANG_WARN_CONSTANT_CONVERSION = YES;
				CLANG_WARN_DEPRECATED_OBJC_IMPLEMENTATIONS = YES;
				CLANG_WARN_DIRECT_OBJC_ISA_USAGE = YES_ERROR;
				CLANG_WARN_DOCUMENTATION_COMMENTS = YES;
				CLANG_WARN_EMPTY_BODY = YES;
				CLANG_WARN_ENUM_CONVERSION = YES;
				CLANG_WARN_INFINITE_RECURSION = YES;
				CLANG_WARN_INT_CONVERSION = YES;
				CLANG_WARN_NON_LITERAL_NULL_CONVERSION = YES;
				CLANG_WARN_OBJC_IMPLICIT_RETAIN_SELF = YES;
				CLANG_WARN_OBJC_LITERAL_CONVERSION = YES;
				CLANG_WARN_OBJC_ROOT_CLASS = YES_ERROR;
				CLANG_WARN_QUOTED_INCLUDE_IN_FRAMEWORK_HEADER = YES;
				CLANG_WARN_RANGE_LOOP_ANALYSIS = YES;
				CLANG_WARN_STRICT_PROTOTYPES = YES;
				CLANG_WARN_SUSPICIOUS_MOVE = YES;
				CLANG_WARN_UNGUARDED_AVAILABILITY = YES_AGGRESSIVE;
				CLANG_WARN_UNREACHABLE_CODE = YES;
				CLANG_WARN__DUPLICATE_METHOD_MATCH = YES;
				COPY_PHASE_STRIP = NO;
				DEBUG_INFORMATION_FORMAT = "dwarf-with-dsym";
				ENABLE_NS_ASSERTIONS = NO;
				ENABLE_STRICT_OBJC_MSGSEND = YES;
				ENABLE_USER_SCRIPT_SANDBOXING = YES;
				GCC_C_LANGUAGE_STANDARD = gnu17;
				GCC_NO_COMMON_BLOCKS = YES;
				GCC_WARN_64_TO_32_BIT_CONVERSION = YES;
				GCC_WARN_ABOUT_RETURN_TYPE = YES_ERROR;
				GCC_WARN_UNDECLARED_SELECTOR = YES;
				GCC_WARN_UNINITIALIZED_AUTOS = YES_AGGRESSIVE;
				GCC_WARN_UNUSED_FUNCTION = YES;
				GCC_WARN_UNUSED_VARIABLE = YES;
				IPHONEOS_DEPLOYMENT_TARGET = 18.2;
				LOCALIZATION_PREFERS_STRING_CATALOGS = YES;
				MTL_ENABLE_DEBUG_INFO = NO;
				MTL_FAST_MATH = YES;
				SDKROOT = iphoneos;
				SWIFT_COMPILATION_MODE = wholemodule;
				VALIDATE_PRODUCT = YES;
			};
			name = Release;
		};
		44E78FCC2D8A500B001F396E /* Debug */ = {
			isa = XCBuildConfiguration;
			buildSettings = {
				ASSETCATALOG_COMPILER_APPICON_NAME = AppIcon;
				ASSETCATALOG_COMPILER_GLOBAL_ACCENT_COLOR_NAME = AccentColor;
				CODE_SIGN_STYLE = Automatic;
				CURRENT_PROJECT_VERSION = 1;
				DEVELOPMENT_ASSET_PATHS = "\"SwiftUI+TCA+Combine/Preview Content\"";
				DEVELOPMENT_TEAM = LH2D7MUGD3;
				ENABLE_PREVIEWS = YES;
				GENERATE_INFOPLIST_FILE = YES;
				INFOPLIST_KEY_UIApplicationSceneManifest_Generation = YES;
				INFOPLIST_KEY_UIApplicationSupportsIndirectInputEvents = YES;
				INFOPLIST_KEY_UILaunchScreen_Generation = YES;
				INFOPLIST_KEY_UISupportedInterfaceOrientations_iPad = "UIInterfaceOrientationPortrait UIInterfaceOrientationPortraitUpsideDown UIInterfaceOrientationLandscapeLeft UIInterfaceOrientationLandscapeRight";
				INFOPLIST_KEY_UISupportedInterfaceOrientations_iPhone = "UIInterfaceOrientationPortrait UIInterfaceOrientationLandscapeLeft UIInterfaceOrientationLandscapeRight";
				IPHONEOS_DEPLOYMENT_TARGET = 15.6;
				LD_RUNPATH_SEARCH_PATHS = (
					"$(inherited)",
					"@executable_path/Frameworks",
				);
				MARKETING_VERSION = 1.0;
				PRODUCT_BUNDLE_IDENTIFIER = "kr.co.Bong.SwiftUI-TCA-Combine";
				PRODUCT_NAME = "$(TARGET_NAME)";
				SWIFT_EMIT_LOC_STRINGS = YES;
				SWIFT_VERSION = 5.0;
				TARGETED_DEVICE_FAMILY = "1,2";
			};
			name = Debug;
		};
		44E78FCD2D8A500B001F396E /* Release */ = {
			isa = XCBuildConfiguration;
			buildSettings = {
				ASSETCATALOG_COMPILER_APPICON_NAME = AppIcon;
				ASSETCATALOG_COMPILER_GLOBAL_ACCENT_COLOR_NAME = AccentColor;
				CODE_SIGN_STYLE = Automatic;
				CURRENT_PROJECT_VERSION = 1;
				DEVELOPMENT_ASSET_PATHS = "\"SwiftUI+TCA+Combine/Preview Content\"";
				DEVELOPMENT_TEAM = LH2D7MUGD3;
				ENABLE_PREVIEWS = YES;
				GENERATE_INFOPLIST_FILE = YES;
				INFOPLIST_KEY_UIApplicationSceneManifest_Generation = YES;
				INFOPLIST_KEY_UIApplicationSupportsIndirectInputEvents = YES;
				INFOPLIST_KEY_UILaunchScreen_Generation = YES;
				INFOPLIST_KEY_UISupportedInterfaceOrientations_iPad = "UIInterfaceOrientationPortrait UIInterfaceOrientationPortraitUpsideDown UIInterfaceOrientationLandscapeLeft UIInterfaceOrientationLandscapeRight";
				INFOPLIST_KEY_UISupportedInterfaceOrientations_iPhone = "UIInterfaceOrientationPortrait UIInterfaceOrientationLandscapeLeft UIInterfaceOrientationLandscapeRight";
				IPHONEOS_DEPLOYMENT_TARGET = 15.6;
				LD_RUNPATH_SEARCH_PATHS = (
					"$(inherited)",
					"@executable_path/Frameworks",
				);
				MARKETING_VERSION = 1.0;
				PRODUCT_BUNDLE_IDENTIFIER = "kr.co.Bong.SwiftUI-TCA-Combine";
				PRODUCT_NAME = "$(TARGET_NAME)";
				SWIFT_EMIT_LOC_STRINGS = YES;
				SWIFT_VERSION = 5.0;
				TARGETED_DEVICE_FAMILY = "1,2";
			};
			name = Release;
		};
		44E78FCF2D8A500B001F396E /* Debug */ = {
			isa = XCBuildConfiguration;
			buildSettings = {
				BUNDLE_LOADER = "$(TEST_HOST)";
				CODE_SIGN_STYLE = Automatic;
				CURRENT_PROJECT_VERSION = 1;
				DEVELOPMENT_TEAM = LH2D7MUGD3;
				GENERATE_INFOPLIST_FILE = YES;
				IPHONEOS_DEPLOYMENT_TARGET = 18.2;
				MARKETING_VERSION = 1.0;
				PRODUCT_BUNDLE_IDENTIFIER = "kr.co.Bong.SwiftUI-TCA-CombineTests";
				PRODUCT_NAME = "$(TARGET_NAME)";
				SWIFT_EMIT_LOC_STRINGS = NO;
				SWIFT_VERSION = 5.0;
				TARGETED_DEVICE_FAMILY = "1,2";
				TEST_HOST = "$(BUILT_PRODUCTS_DIR)/SwiftUI+TCA+Combine.app/$(BUNDLE_EXECUTABLE_FOLDER_PATH)/SwiftUI+TCA+Combine";
			};
			name = Debug;
		};
		44E78FD02D8A500B001F396E /* Release */ = {
			isa = XCBuildConfiguration;
			buildSettings = {
				BUNDLE_LOADER = "$(TEST_HOST)";
				CODE_SIGN_STYLE = Automatic;
				CURRENT_PROJECT_VERSION = 1;
				DEVELOPMENT_TEAM = LH2D7MUGD3;
				GENERATE_INFOPLIST_FILE = YES;
				IPHONEOS_DEPLOYMENT_TARGET = 18.2;
				MARKETING_VERSION = 1.0;
				PRODUCT_BUNDLE_IDENTIFIER = "kr.co.Bong.SwiftUI-TCA-CombineTests";
				PRODUCT_NAME = "$(TARGET_NAME)";
				SWIFT_EMIT_LOC_STRINGS = NO;
				SWIFT_VERSION = 5.0;
				TARGETED_DEVICE_FAMILY = "1,2";
				TEST_HOST = "$(BUILT_PRODUCTS_DIR)/SwiftUI+TCA+Combine.app/$(BUNDLE_EXECUTABLE_FOLDER_PATH)/SwiftUI+TCA+Combine";
			};
			name = Release;
		};
		44E78FD22D8A500B001F396E /* Debug */ = {
			isa = XCBuildConfiguration;
			buildSettings = {
				CODE_SIGN_STYLE = Automatic;
				CURRENT_PROJECT_VERSION = 1;
				DEVELOPMENT_TEAM = LH2D7MUGD3;
				GENERATE_INFOPLIST_FILE = YES;
				MARKETING_VERSION = 1.0;
				PRODUCT_BUNDLE_IDENTIFIER = "kr.co.Bong.SwiftUI-TCA-CombineUITests";
				PRODUCT_NAME = "$(TARGET_NAME)";
				SWIFT_EMIT_LOC_STRINGS = NO;
				SWIFT_VERSION = 5.0;
				TARGETED_DEVICE_FAMILY = "1,2";
				TEST_TARGET_NAME = "SwiftUI+TCA+Combine";
			};
			name = Debug;
		};
		44E78FD32D8A500B001F396E /* Release */ = {
			isa = XCBuildConfiguration;
			buildSettings = {
				CODE_SIGN_STYLE = Automatic;
				CURRENT_PROJECT_VERSION = 1;
				DEVELOPMENT_TEAM = LH2D7MUGD3;
				GENERATE_INFOPLIST_FILE = YES;
				MARKETING_VERSION = 1.0;
				PRODUCT_BUNDLE_IDENTIFIER = "kr.co.Bong.SwiftUI-TCA-CombineUITests";
				PRODUCT_NAME = "$(TARGET_NAME)";
				SWIFT_EMIT_LOC_STRINGS = NO;
				SWIFT_VERSION = 5.0;
				TARGETED_DEVICE_FAMILY = "1,2";
				TEST_TARGET_NAME = "SwiftUI+TCA+Combine";
			};
			name = Release;
		};
/* End XCBuildConfiguration section */

/* Begin XCConfigurationList section */
		44E78F9D2D8A5008001F396E /* Build configuration list for PBXProject "SwiftUI+TCA+Combine" */ = {
			isa = XCConfigurationList;
			buildConfigurations = (
				44E78FC92D8A500B001F396E /* Debug */,
				44E78FCA2D8A500B001F396E /* Release */,
			);
			defaultConfigurationIsVisible = 0;
			defaultConfigurationName = Release;
		};
		44E78FCB2D8A500B001F396E /* Build configuration list for PBXNativeTarget "SwiftUI+TCA+Combine" */ = {
			isa = XCConfigurationList;
			buildConfigurations = (
				44E78FCC2D8A500B001F396E /* Debug */,
				44E78FCD2D8A500B001F396E /* Release */,
			);
			defaultConfigurationIsVisible = 0;
			defaultConfigurationName = Release;
		};
		44E78FCE2D8A500B001F396E /* Build configuration list for PBXNativeTarget "SwiftUI+TCA+CombineTests" */ = {
			isa = XCConfigurationList;
			buildConfigurations = (
				44E78FCF2D8A500B001F396E /* Debug */,
				44E78FD02D8A500B001F396E /* Release */,
			);
			defaultConfigurationIsVisible = 0;
			defaultConfigurationName = Release;
		};
		44E78FD12D8A500B001F396E /* Build configuration list for PBXNativeTarget "SwiftUI+TCA+CombineUITests" */ = {
			isa = XCConfigurationList;
			buildConfigurations = (
				44E78FD22D8A500B001F396E /* Debug */,
				44E78FD32D8A500B001F396E /* Release */,
			);
			defaultConfigurationIsVisible = 0;
			defaultConfigurationName = Release;
		};
/* End XCConfigurationList section */

/* Begin XCRemoteSwiftPackageReference section */
		44E78FD42D8A5133001F396E /* XCRemoteSwiftPackageReference "swift-composable-architecture" */ = {
			isa = XCRemoteSwiftPackageReference;
			repositoryURL = "https://github.com/pointfreeco/swift-composable-architecture";
			requirement = {
				kind = upToNextMajorVersion;
				minimumVersion = 1.18.0;
			};
		};
		44E78FD72D8A5267001F396E /* XCRemoteSwiftPackageReference "Moya" */ = {
			isa = XCRemoteSwiftPackageReference;
			repositoryURL = "https://github.com/Moya/Moya";
			requirement = {
				kind = upToNextMajorVersion;
				minimumVersion = 15.0.3;
			};
		};
		44E78FDC2D8A5310001F396E /* XCRemoteSwiftPackageReference "Kingfisher" */ = {
			isa = XCRemoteSwiftPackageReference;
			repositoryURL = "https://github.com/onevcat/Kingfisher.git";
			requirement = {
				kind = upToNextMajorVersion;
				minimumVersion = 8.3.1;
			};
		};
		44E78FDF2D8A57E0001F396E /* XCRemoteSwiftPackageReference "Alamofire" */ = {
			isa = XCRemoteSwiftPackageReference;
			repositoryURL = "https://github.com/Alamofire/Alamofire";
			requirement = {
				kind = upToNextMajorVersion;
				minimumVersion = 5.10.2;
			};
		};
		44E78FE22D8A5A4D001F396E /* XCRemoteSwiftPackageReference "Swinject" */ = {
			isa = XCRemoteSwiftPackageReference;
			repositoryURL = "https://github.com/Swinject/Swinject";
			requirement = {
				kind = upToNextMajorVersion;
				minimumVersion = 2.9.1;
			};
		};
/* End XCRemoteSwiftPackageReference section */

/* Begin XCSwiftPackageProductDependency section */
		44E78FD52D8A5133001F396E /* ComposableArchitecture */ = {
			isa = XCSwiftPackageProductDependency;
			package = 44E78FD42D8A5133001F396E /* XCRemoteSwiftPackageReference "swift-composable-architecture" */;
			productName = ComposableArchitecture;
		};
		44E78FD82D8A5267001F396E /* CombineMoya */ = {
			isa = XCSwiftPackageProductDependency;
			package = 44E78FD72D8A5267001F396E /* XCRemoteSwiftPackageReference "Moya" */;
			productName = CombineMoya;
		};
		44E78FDA2D8A5267001F396E /* Moya */ = {
			isa = XCSwiftPackageProductDependency;
			package = 44E78FD72D8A5267001F396E /* XCRemoteSwiftPackageReference "Moya" */;
			productName = Moya;
		};
		44E78FDD2D8A5310001F396E /* Kingfisher */ = {
			isa = XCSwiftPackageProductDependency;
			package = 44E78FDC2D8A5310001F396E /* XCRemoteSwiftPackageReference "Kingfisher" */;
			productName = Kingfisher;
		};
		44E78FE02D8A57E0001F396E /* Alamofire */ = {
			isa = XCSwiftPackageProductDependency;
			package = 44E78FDF2D8A57E0001F396E /* XCRemoteSwiftPackageReference "Alamofire" */;
			productName = Alamofire;
		};
		44E78FE32D8A5A4D001F396E /* Swinject */ = {
			isa = XCSwiftPackageProductDependency;
			package = 44E78FE22D8A5A4D001F396E /* XCRemoteSwiftPackageReference "Swinject" */;
			productName = Swinject;
		};
/* End XCSwiftPackageProductDependency section */
	};
	rootObject = 44E78F9A2D8A5008001F396E /* Project object */;
}
